
Microsoft Visual Studio Solution File, Format Version 12.00
# Visual Studio Version 16
VisualStudioVersion = 16.0.32228.343
MinimumVisualStudioVersion = 10.0.40219.1
Project("{FAE04EC0-301F-11D3-BF4B-00C04F79EFBC}") = "WebForumMVC", "WebForumMVC\WebForumMVC.csproj", "{FC2554DA-058B-4347-938F-151E76557F00}"
EndProject
Global
	GlobalSection(SolutionConfigurationPlatforms) = preSolution
		Debug|Any CPU = Debug|Any CPU
		Release|Any CPU = Release|Any CPU
	EndGlobalSection
	GlobalSection(ProjectConfigurationPlatforms) = postSolution
		{FC2554DA-058B-4347-938F-151E76557F00}.Debug|Any CPU.ActiveCfg = Debug|Any CPU
		{FC2554DA-058B-4347-938F-151E76557F00}.Debug|Any CPU.Build.0 = Debug|Any CPU
		{FC2554DA-058B-4347-938F-151E76557F00}.Release|Any CPU.ActiveCfg = Release|Any CPU
		{FC2554DA-058B-4347-938F-151E76557F00}.Release|Any CPU.Build.0 = Release|Any CPU
	EndGlobalSection
	GlobalSection(SolutionProperties) = preSolution
		HideSolutionNode = FALSE
	EndGlobalSection
	GlobalSection(ExtensibilityGlobals) = postSolution
		SolutionGuid = {A85C0E84-8FF7-4C10-9EBD-E7F7A9CBF0AB}
	EndGlobalSection
EndGlobal
